// !$*UTF8*$!
{
	archiveVersion = 1;
	classes = {
	};
	objectVersion = 56;
	objects = {

/* Begin PBXBuildFile section */
		A0000001 /* FinAppApp.swift in Sources */ = {isa = PBXBuildFile; fileRef = B0000001 /* FinAppApp.swift */; };
		A0000002 /* AppRouter.swift in Sources */ = {isa = PBXBuildFile; fileRef = B0000002 /* AppRouter.swift */; };
		A0000003 /* AppDependencies.swift in Sources */ = {isa = PBXBuildFile; fileRef = B0000003 /* AppDependencies.swift */; };
		A0000004 /* deep-link-router.swift in Sources */ = {isa = PBXBuildFile; fileRef = B0000004 /* deep-link-router.swift */; };
		A0000100 /* app-destination.swift in Sources */ = {isa = PBXBuildFile; fileRef = B0000100 /* app-destination.swift */; };
		A0000101 /* app-shell-view.swift in Sources */ = {isa = PBXBuildFile; fileRef = B0000101 /* app-shell-view.swift */; };
		A0000102 /* more-menu-sheet.swift in Sources */ = {isa = PBXBuildFile; fileRef = B0000102 /* more-menu-sheet.swift */; };
		A0000010 /* Environment.swift in Sources */ = {isa = PBXBuildFile; fileRef = B0000010 /* Environment.swift */; };
		A0000020 /* AuthManager.swift in Sources */ = {isa = PBXBuildFile; fileRef = B0000020 /* AuthManager.swift */; };
		A0000021 /* Session.swift in Sources */ = {isa = PBXBuildFile; fileRef = B0000021 /* Session.swift */; };
		A0000022 /* CredentialsStore.swift in Sources */ = {isa = PBXBuildFile; fileRef = B0000022 /* CredentialsStore.swift */; };
		A0000030 /* APIClient.swift in Sources */ = {isa = PBXBuildFile; fileRef = B0000030 /* APIClient.swift */; };
		A0000031 /* APIError.swift in Sources */ = {isa = PBXBuildFile; fileRef = B0000031 /* APIError.swift */; };
		A0000032 /* app-logger.swift in Sources */ = {isa = PBXBuildFile; fileRef = B0000032 /* app-logger.swift */; };
		A0000150 /* json-value.swift in Sources */ = {isa = PBXBuildFile; fileRef = B0000150 /* json-value.swift */; };
		A0000110 /* fin-theme.swift in Sources */ = {isa = PBXBuildFile; fileRef = B0000110 /* fin-theme.swift */; };
		A0000040 /* FinCard.swift in Sources */ = {isa = PBXBuildFile; fileRef = B0000040 /* FinCard.swift */; };
		A0000041 /* LoadingView.swift in Sources */ = {isa = PBXBuildFile; fileRef = B0000041 /* LoadingView.swift */; };
		A0000042 /* ErrorStateView.swift in Sources */ = {isa = PBXBuildFile; fileRef = B0000042 /* ErrorStateView.swift */; };
		A0000120 /* fin-glass-tab-bar.swift in Sources */ = {isa = PBXBuildFile; fileRef = B0000120 /* fin-glass-tab-bar.swift */; };
		A0000130 /* fin-glass-sheet.swift in Sources */ = {isa = PBXBuildFile; fileRef = B0000130 /* fin-glass-sheet.swift */; };
		A0000050 /* CurrencyFormatter.swift in Sources */ = {isa = PBXBuildFile; fileRef = B0000050 /* CurrencyFormatter.swift */; };
		A0000051 /* DateFormatterProvider.swift in Sources */ = {isa = PBXBuildFile; fileRef = B0000051 /* DateFormatterProvider.swift */; };
		A0000060 /* LoginView.swift in Sources */ = {isa = PBXBuildFile; fileRef = B0000060 /* LoginView.swift */; };
		A0000061 /* AuthLoadingView.swift in Sources */ = {isa = PBXBuildFile; fileRef = B0000061 /* AuthLoadingView.swift */; };
		A0000062 /* AuthViewModel.swift in Sources */ = {isa = PBXBuildFile; fileRef = B0000062 /* AuthViewModel.swift */; };
		A0000070 /* DashboardView.swift in Sources */ = {isa = PBXBuildFile; fileRef = B0000070 /* DashboardView.swift */; };
		A0000071 /* NetWorthChartView.swift in Sources */ = {isa = PBXBuildFile; fileRef = B0000071 /* NetWorthChartView.swift */; };
		A0000072 /* SummaryCardView.swift in Sources */ = {isa = PBXBuildFile; fileRef = B0000072 /* SummaryCardView.swift */; };
		A0000073 /* NetWorthPoint.swift in Sources */ = {isa = PBXBuildFile; fileRef = B0000073 /* NetWorthPoint.swift */; };
		A0000074 /* DashboardSummary.swift in Sources */ = {isa = PBXBuildFile; fileRef = B0000074 /* DashboardSummary.swift */; };
		A0000075 /* DashboardViewModel.swift in Sources */ = {isa = PBXBuildFile; fileRef = B0000075 /* DashboardViewModel.swift */; };
		A0000076 /* DashboardService.swift in Sources */ = {isa = PBXBuildFile; fileRef = B0000076 /* DashboardService.swift */; };
		A0000077 /* DashboardLayoutModels.swift in Sources */ = {isa = PBXBuildFile; fileRef = B0000077 /* DashboardLayoutModels.swift */; };
		A0000078 /* DashboardCustomizeSheet.swift in Sources */ = {isa = PBXBuildFile; fileRef = B0000078 /* DashboardCustomizeSheet.swift */; };
		A0000140 /* feature-placeholder-view.swift in Sources */ = {isa = PBXBuildFile; fileRef = B0000140 /* feature-placeholder-view.swift */; };
		A0000151 /* remote-feature-model.swift in Sources */ = {isa = PBXBuildFile; fileRef = B0000151 /* remote-feature-model.swift */; };
		A0000152 /* remote-feature-service.swift in Sources */ = {isa = PBXBuildFile; fileRef = B0000152 /* remote-feature-service.swift */; };
		A0000153 /* remote-feature-view-model.swift in Sources */ = {isa = PBXBuildFile; fileRef = B0000153 /* remote-feature-view-model.swift */; };
		A0000154 /* remote-feature-view.swift in Sources */ = {isa = PBXBuildFile; fileRef = B0000154 /* remote-feature-view.swift */; };
		A0000160 /* transaction-models.swift in Sources */ = {isa = PBXBuildFile; fileRef = B0000160 /* transaction-models.swift */; };
		A0000161 /* transactions-service.swift in Sources */ = {isa = PBXBuildFile; fileRef = B0000161 /* transactions-service.swift */; };
		A0000162 /* transactions-view-model.swift in Sources */ = {isa = PBXBuildFile; fileRef = B0000162 /* transactions-view-model.swift */; };
		A0000163 /* transactions-view.swift in Sources */ = {isa = PBXBuildFile; fileRef = B0000163 /* transactions-view.swift */; };
		A0000170 /* budget-models.swift in Sources */ = {isa = PBXBuildFile; fileRef = B0000170 /* budget-models.swift */; };
		A0000171 /* budget-service.swift in Sources */ = {isa = PBXBuildFile; fileRef = B0000171 /* budget-service.swift */; };
		A0000172 /* budget-view-model.swift in Sources */ = {isa = PBXBuildFile; fileRef = B0000172 /* budget-view-model.swift */; };
		A0000173 /* budget-view.swift in Sources */ = {isa = PBXBuildFile; fileRef = B0000173 /* budget-view.swift */; };
		A0000180 /* investment-models.swift in Sources */ = {isa = PBXBuildFile; fileRef = B0000180 /* investment-models.swift */; };
		A0000181 /* investments-service.swift in Sources */ = {isa = PBXBuildFile; fileRef = B0000181 /* investments-service.swift */; };
		A0000182 /* investments-view-model.swift in Sources */ = {isa = PBXBuildFile; fileRef = B0000182 /* investments-view-model.swift */; };
		A0000183 /* investments-view.swift in Sources */ = {isa = PBXBuildFile; fileRef = B0000183 /* investments-view.swift */; };
		A0000190 /* accounts-models.swift in Sources */ = {isa = PBXBuildFile; fileRef = B0000190 /* accounts-models.swift */; };
		A0000191 /* accounts-service.swift in Sources */ = {isa = PBXBuildFile; fileRef = B0000191 /* accounts-service.swift */; };
		A0000194 /* plaid-link-coordinator.swift in Sources */ = {isa = PBXBuildFile; fileRef = B0000194 /* plaid-link-coordinator.swift */; };
		A0000192 /* accounts-view-model.swift in Sources */ = {isa = PBXBuildFile; fileRef = B0000192 /* accounts-view-model.swift */; };
		A0000193 /* accounts-view.swift in Sources */ = {isa = PBXBuildFile; fileRef = B0000193 /* accounts-view.swift */; };
		A0000900 /* LinkKit in Frameworks */ = {isa = PBXBuildFile; productRef = X0000901 /* LinkKit */; };
		A0000200 /* spending-models.swift in Sources */ = {isa = PBXBuildFile; fileRef = B0000200 /* spending-models.swift */; };
		A0000201 /* spending-service.swift in Sources */ = {isa = PBXBuildFile; fileRef = B0000201 /* spending-service.swift */; };
		A0000202 /* spending-view-model.swift in Sources */ = {isa = PBXBuildFile; fileRef = B0000202 /* spending-view-model.swift */; };
		A0000203 /* spending-view.swift in Sources */ = {isa = PBXBuildFile; fileRef = B0000203 /* spending-view.swift */; };
		A0000210 /* category-models.swift in Sources */ = {isa = PBXBuildFile; fileRef = B0000210 /* category-models.swift */; };
		A0000211 /* categories-service.swift in Sources */ = {isa = PBXBuildFile; fileRef = B0000211 /* categories-service.swift */; };
		A0000212 /* categories-view-model.swift in Sources */ = {isa = PBXBuildFile; fileRef = B0000212 /* categories-view-model.swift */; };
		A0000213 /* categories-view.swift in Sources */ = {isa = PBXBuildFile; fileRef = B0000213 /* categories-view.swift */; };
		A0000220 /* rule-models.swift in Sources */ = {isa = PBXBuildFile; fileRef = B0000220 /* rule-models.swift */; };
		A0000221 /* rules-service.swift in Sources */ = {isa = PBXBuildFile; fileRef = B0000221 /* rules-service.swift */; };
		A0000222 /* rules-view-model.swift in Sources */ = {isa = PBXBuildFile; fileRef = B0000222 /* rules-view-model.swift */; };
		A0000223 /* rules-view.swift in Sources */ = {isa = PBXBuildFile; fileRef = B0000223 /* rules-view.swift */; };
		A0000230 /* scenario-models.swift in Sources */ = {isa = PBXBuildFile; fileRef = B0000230 /* scenario-models.swift */; };
		A0000231 /* scenarios-service.swift in Sources */ = {isa = PBXBuildFile; fileRef = B0000231 /* scenarios-service.swift */; };
		A0000232 /* scenarios-view-model.swift in Sources */ = {isa = PBXBuildFile; fileRef = B0000232 /* scenarios-view-model.swift */; };
		A0000233 /* scenarios-view.swift in Sources */ = {isa = PBXBuildFile; fileRef = B0000233 /* scenarios-view.swift */; };
		A0000240 /* fin-ai-models.swift in Sources */ = {isa = PBXBuildFile; fileRef = B0000240 /* fin-ai-models.swift */; };
		A0000241 /* fin-ai-service.swift in Sources */ = {isa = PBXBuildFile; fileRef = B0000241 /* fin-ai-service.swift */; };
		A0000242 /* fin-ai-view-model.swift in Sources */ = {isa = PBXBuildFile; fileRef = B0000242 /* fin-ai-view-model.swift */; };
		A0000243 /* fin-ai-view.swift in Sources */ = {isa = PBXBuildFile; fileRef = B0000243 /* fin-ai-view.swift */; };
		A0000250 /* demo-mode-models.swift in Sources */ = {isa = PBXBuildFile; fileRef = B0000250 /* demo-mode-models.swift */; };
		A0000251 /* demo-mode-service.swift in Sources */ = {isa = PBXBuildFile; fileRef = B0000251 /* demo-mode-service.swift */; };
		A0000252 /* demo-mode-view-model.swift in Sources */ = {isa = PBXBuildFile; fileRef = B0000252 /* demo-mode-view-model.swift */; };
		A0000253 /* demo-mode-view.swift in Sources */ = {isa = PBXBuildFile; fileRef = B0000253 /* demo-mode-view.swift */; };
		A0000254 /* demo-mode-banner.swift in Sources */ = {isa = PBXBuildFile; fileRef = B0000254 /* demo-mode-banner.swift */; };
		A0000260 /* account-settings-models.swift in Sources */ = {isa = PBXBuildFile; fileRef = B0000260 /* account-settings-models.swift */; };
		A0000261 /* account-settings-service.swift in Sources */ = {isa = PBXBuildFile; fileRef = B0000261 /* account-settings-service.swift */; };
		A0000262 /* account-settings-view-model.swift in Sources */ = {isa = PBXBuildFile; fileRef = B0000262 /* account-settings-view-model.swift */; };
		A0000263 /* account-settings-view.swift in Sources */ = {isa = PBXBuildFile; fileRef = B0000263 /* account-settings-view.swift */; };
		A0000280 /* household-models.swift in Sources */ = {isa = PBXBuildFile; fileRef = B0000280 /* household-models.swift */; };
		A0000281 /* household-service.swift in Sources */ = {isa = PBXBuildFile; fileRef = B0000281 /* household-service.swift */; };
		A0000282 /* household-view-model.swift in Sources */ = {isa = PBXBuildFile; fileRef = B0000282 /* household-view-model.swift */; };
		A0000283 /* household-sharing-view.swift in Sources */ = {isa = PBXBuildFile; fileRef = B0000283 /* household-sharing-view.swift */; };
		A0000270 /* onboarding-models.swift in Sources */ = {isa = PBXBuildFile; fileRef = B0000270 /* onboarding-models.swift */; };
		A0000271 /* onboarding-service.swift in Sources */ = {isa = PBXBuildFile; fileRef = B0000271 /* onboarding-service.swift */; };
		A0000272 /* onboarding-view-model.swift in Sources */ = {isa = PBXBuildFile; fileRef = B0000272 /* onboarding-view-model.swift */; };
		A0000273 /* onboarding-view.swift in Sources */ = {isa = PBXBuildFile; fileRef = B0000273 /* onboarding-view.swift */; };
		A0000274 /* onboarding-gate-view.swift in Sources */ = {isa = PBXBuildFile; fileRef = B0000274 /* onboarding-gate-view.swift */; };
		A0000080 /* Assets.xcassets in Resources */ = {isa = PBXBuildFile; fileRef = B0000080 /* Assets.xcassets */; };
		BB3831B02F92ABD000339112 /* GoogleSignInManager.swift in Sources */ = {isa = PBXBuildFile; fileRef = BB3831AF2F92ABD000339112 /* GoogleSignInManager.swift */; };
/* End PBXBuildFile section */

/* Begin PBXFileReference section */
		B0000001 /* FinAppApp.swift */ = {isa = PBXFileReference; lastKnownFileType = sourcecode.swift; path = FinAppApp.swift; sourceTree = "<group>"; };
		B0000002 /* AppRouter.swift */ = {isa = PBXFileReference; lastKnownFileType = sourcecode.swift; path = AppRouter.swift; sourceTree = "<group>"; };
		B0000003 /* AppDependencies.swift */ = {isa = PBXFileReference; lastKnownFileType = sourcecode.swift; path = AppDependencies.swift; sourceTree = "<group>"; };
		B0000004 /* deep-link-router.swift */ = {isa = PBXFileReference; lastKnownFileType = sourcecode.swift; path = "deep-link-router.swift"; sourceTree = "<group>"; };
		B0000100 /* app-destination.swift */ = {isa = PBXFileReference; lastKnownFileType = sourcecode.swift; path = "app-destination.swift"; sourceTree = "<group>"; };
		B0000101 /* app-shell-view.swift */ = {isa = PBXFileReference; lastKnownFileType = sourcecode.swift; path = "app-shell-view.swift"; sourceTree = "<group>"; };
		B0000102 /* more-menu-sheet.swift */ = {isa = PBXFileReference; lastKnownFileType = sourcecode.swift; path = "more-menu-sheet.swift"; sourceTree = "<group>"; };
		B0000010 /* Environment.swift */ = {isa = PBXFileReference; lastKnownFileType = sourcecode.swift; path = Environment.swift; sourceTree = "<group>"; };
		B0000011 /* Debug.xcconfig */ = {isa = PBXFileReference; lastKnownFileType = text.xcconfig; path = Debug.xcconfig; sourceTree = "<group>"; };
		B0000012 /* Release.xcconfig */ = {isa = PBXFileReference; lastKnownFileType = text.xcconfig; path = Release.xcconfig; sourceTree = "<group>"; };
		B0000020 /* AuthManager.swift */ = {isa = PBXFileReference; lastKnownFileType = sourcecode.swift; path = AuthManager.swift; sourceTree = "<group>"; };
		B0000021 /* Session.swift */ = {isa = PBXFileReference; lastKnownFileType = sourcecode.swift; path = Session.swift; sourceTree = "<group>"; };
		B0000022 /* CredentialsStore.swift */ = {isa = PBXFileReference; lastKnownFileType = sourcecode.swift; path = CredentialsStore.swift; sourceTree = "<group>"; };
		B0000030 /* APIClient.swift */ = {isa = PBXFileReference; lastKnownFileType = sourcecode.swift; path = APIClient.swift; sourceTree = "<group>"; };
		B0000031 /* APIError.swift */ = {isa = PBXFileReference; lastKnownFileType = sourcecode.swift; path = APIError.swift; sourceTree = "<group>"; };
		B0000032 /* app-logger.swift */ = {isa = PBXFileReference; lastKnownFileType = sourcecode.swift; path = "app-logger.swift"; sourceTree = "<group>"; };
		B0000150 /* json-value.swift */ = {isa = PBXFileReference; lastKnownFileType = sourcecode.swift; path = "json-value.swift"; sourceTree = "<group>"; };
		B0000110 /* fin-theme.swift */ = {isa = PBXFileReference; lastKnownFileType = sourcecode.swift; path = "fin-theme.swift"; sourceTree = "<group>"; };
		B0000040 /* FinCard.swift */ = {isa = PBXFileReference; lastKnownFileType = sourcecode.swift; path = FinCard.swift; sourceTree = "<group>"; };
		B0000041 /* LoadingView.swift */ = {isa = PBXFileReference; lastKnownFileType = sourcecode.swift; path = LoadingView.swift; sourceTree = "<group>"; };
		B0000042 /* ErrorStateView.swift */ = {isa = PBXFileReference; lastKnownFileType = sourcecode.swift; path = ErrorStateView.swift; sourceTree = "<group>"; };
		B0000120 /* fin-glass-tab-bar.swift */ = {isa = PBXFileReference; lastKnownFileType = sourcecode.swift; path = "fin-glass-tab-bar.swift"; sourceTree = "<group>"; };
		B0000130 /* fin-glass-sheet.swift */ = {isa = PBXFileReference; lastKnownFileType = sourcecode.swift; path = "fin-glass-sheet.swift"; sourceTree = "<group>"; };
		B0000050 /* CurrencyFormatter.swift */ = {isa = PBXFileReference; lastKnownFileType = sourcecode.swift; path = CurrencyFormatter.swift; sourceTree = "<group>"; };
		B0000051 /* DateFormatterProvider.swift */ = {isa = PBXFileReference; lastKnownFileType = sourcecode.swift; path = DateFormatterProvider.swift; sourceTree = "<group>"; };
		B0000060 /* LoginView.swift */ = {isa = PBXFileReference; lastKnownFileType = sourcecode.swift; path = LoginView.swift; sourceTree = "<group>"; };
		B0000061 /* AuthLoadingView.swift */ = {isa = PBXFileReference; lastKnownFileType = sourcecode.swift; path = AuthLoadingView.swift; sourceTree = "<group>"; };
		B0000062 /* AuthViewModel.swift */ = {isa = PBXFileReference; lastKnownFileType = sourcecode.swift; path = AuthViewModel.swift; sourceTree = "<group>"; };
		B0000070 /* DashboardView.swift */ = {isa = PBXFileReference; lastKnownFileType = sourcecode.swift; path = DashboardView.swift; sourceTree = "<group>"; };
		B0000071 /* NetWorthChartView.swift */ = {isa = PBXFileReference; lastKnownFileType = sourcecode.swift; path = NetWorthChartView.swift; sourceTree = "<group>"; };
		B0000072 /* SummaryCardView.swift */ = {isa = PBXFileReference; lastKnownFileType = sourcecode.swift; path = SummaryCardView.swift; sourceTree = "<group>"; };
		B0000073 /* NetWorthPoint.swift */ = {isa = PBXFileReference; lastKnownFileType = sourcecode.swift; path = NetWorthPoint.swift; sourceTree = "<group>"; };
		B0000074 /* DashboardSummary.swift */ = {isa = PBXFileReference; lastKnownFileType = sourcecode.swift; path = DashboardSummary.swift; sourceTree = "<group>"; };
		B0000075 /* DashboardViewModel.swift */ = {isa = PBXFileReference; lastKnownFileType = sourcecode.swift; path = DashboardViewModel.swift; sourceTree = "<group>"; };
		B0000076 /* DashboardService.swift */ = {isa = PBXFileReference; lastKnownFileType = sourcecode.swift; path = DashboardService.swift; sourceTree = "<group>"; };
		B0000077 /* DashboardLayoutModels.swift */ = {isa = PBXFileReference; lastKnownFileType = sourcecode.swift; path = DashboardLayoutModels.swift; sourceTree = "<group>"; };
		B0000078 /* DashboardCustomizeSheet.swift */ = {isa = PBXFileReference; lastKnownFileType = sourcecode.swift; path = DashboardCustomizeSheet.swift; sourceTree = "<group>"; };
		B0000140 /* feature-placeholder-view.swift */ = {isa = PBXFileReference; lastKnownFileType = sourcecode.swift; path = "feature-placeholder-view.swift"; sourceTree = "<group>"; };
		B0000151 /* remote-feature-model.swift */ = {isa = PBXFileReference; lastKnownFileType = sourcecode.swift; path = "remote-feature-model.swift"; sourceTree = "<group>"; };
		B0000152 /* remote-feature-service.swift */ = {isa = PBXFileReference; lastKnownFileType = sourcecode.swift; path = "remote-feature-service.swift"; sourceTree = "<group>"; };
		B0000153 /* remote-feature-view-model.swift */ = {isa = PBXFileReference; lastKnownFileType = sourcecode.swift; path = "remote-feature-view-model.swift"; sourceTree = "<group>"; };
		B0000154 /* remote-feature-view.swift */ = {isa = PBXFileReference; lastKnownFileType = sourcecode.swift; path = "remote-feature-view.swift"; sourceTree = "<group>"; };
		B0000160 /* transaction-models.swift */ = {isa = PBXFileReference; lastKnownFileType = sourcecode.swift; path = "transaction-models.swift"; sourceTree = "<group>"; };
		B0000161 /* transactions-service.swift */ = {isa = PBXFileReference; lastKnownFileType = sourcecode.swift; path = "transactions-service.swift"; sourceTree = "<group>"; };
		B0000162 /* transactions-view-model.swift */ = {isa = PBXFileReference; lastKnownFileType = sourcecode.swift; path = "transactions-view-model.swift"; sourceTree = "<group>"; };
		B0000163 /* transactions-view.swift */ = {isa = PBXFileReference; lastKnownFileType = sourcecode.swift; path = "transactions-view.swift"; sourceTree = "<group>"; };
		B0000170 /* budget-models.swift */ = {isa = PBXFileReference; lastKnownFileType = sourcecode.swift; path = "budget-models.swift"; sourceTree = "<group>"; };
		B0000171 /* budget-service.swift */ = {isa = PBXFileReference; lastKnownFileType = sourcecode.swift; path = "budget-service.swift"; sourceTree = "<group>"; };
		B0000172 /* budget-view-model.swift */ = {isa = PBXFileReference; lastKnownFileType = sourcecode.swift; path = "budget-view-model.swift"; sourceTree = "<group>"; };
		B0000173 /* budget-view.swift */ = {isa = PBXFileReference; lastKnownFileType = sourcecode.swift; path = "budget-view.swift"; sourceTree = "<group>"; };
		B0000180 /* investment-models.swift */ = {isa = PBXFileReference; lastKnownFileType = sourcecode.swift; path = "investment-models.swift"; sourceTree = "<group>"; };
		B0000181 /* investments-service.swift */ = {isa = PBXFileReference; lastKnownFileType = sourcecode.swift; path = "investments-service.swift"; sourceTree = "<group>"; };
		B0000182 /* investments-view-model.swift */ = {isa = PBXFileReference; lastKnownFileType = sourcecode.swift; path = "investments-view-model.swift"; sourceTree = "<group>"; };
		B0000183 /* investments-view.swift */ = {isa = PBXFileReference; lastKnownFileType = sourcecode.swift; path = "investments-view.swift"; sourceTree = "<group>"; };
		B0000190 /* accounts-models.swift */ = {isa = PBXFileReference; lastKnownFileType = sourcecode.swift; path = "accounts-models.swift"; sourceTree = "<group>"; };
		B0000191 /* accounts-service.swift */ = {isa = PBXFileReference; lastKnownFileType = sourcecode.swift; path = "accounts-service.swift"; sourceTree = "<group>"; };
		B0000194 /* plaid-link-coordinator.swift */ = {isa = PBXFileReference; lastKnownFileType = sourcecode.swift; path = "plaid-link-coordinator.swift"; sourceTree = "<group>"; };
		B0000192 /* accounts-view-model.swift */ = {isa = PBXFileReference; lastKnownFileType = sourcecode.swift; path = "accounts-view-model.swift"; sourceTree = "<group>"; };
		B0000193 /* accounts-view.swift */ = {isa = PBXFileReference; lastKnownFileType = sourcecode.swift; path = "accounts-view.swift"; sourceTree = "<group>"; };
		B0000200 /* spending-models.swift */ = {isa = PBXFileReference; lastKnownFileType = sourcecode.swift; path = "spending-models.swift"; sourceTree = "<group>"; };
		B0000201 /* spending-service.swift */ = {isa = PBXFileReference; lastKnownFileType = sourcecode.swift; path = "spending-service.swift"; sourceTree = "<group>"; };
		B0000202 /* spending-view-model.swift */ = {isa = PBXFileReference; lastKnownFileType = sourcecode.swift; path = "spending-view-model.swift"; sourceTree = "<group>"; };
		B0000203 /* spending-view.swift */ = {isa = PBXFileReference; lastKnownFileType = sourcecode.swift; path = "spending-view.swift"; sourceTree = "<group>"; };
		B0000210 /* category-models.swift */ = {isa = PBXFileReference; lastKnownFileType = sourcecode.swift; path = "category-models.swift"; sourceTree = "<group>"; };
		B0000211 /* categories-service.swift */ = {isa = PBXFileReference; lastKnownFileType = sourcecode.swift; path = "categories-service.swift"; sourceTree = "<group>"; };
		B0000212 /* categories-view-model.swift */ = {isa = PBXFileReference; lastKnownFileType = sourcecode.swift; path = "categories-view-model.swift"; sourceTree = "<group>"; };
		B0000213 /* categories-view.swift */ = {isa = PBXFileReference; lastKnownFileType = sourcecode.swift; path = "categories-view.swift"; sourceTree = "<group>"; };
		B0000220 /* rule-models.swift */ = {isa = PBXFileReference; lastKnownFileType = sourcecode.swift; path = "rule-models.swift"; sourceTree = "<group>"; };
		B0000221 /* rules-service.swift */ = {isa = PBXFileReference; lastKnownFileType = sourcecode.swift; path = "rules-service.swift"; sourceTree = "<group>"; };
		B0000222 /* rules-view-model.swift */ = {isa = PBXFileReference; lastKnownFileType = sourcecode.swift; path = "rules-view-model.swift"; sourceTree = "<group>"; };
		B0000223 /* rules-view.swift */ = {isa = PBXFileReference; lastKnownFileType = sourcecode.swift; path = "rules-view.swift"; sourceTree = "<group>"; };
		B0000230 /* scenario-models.swift */ = {isa = PBXFileReference; lastKnownFileType = sourcecode.swift; path = "scenario-models.swift"; sourceTree = "<group>"; };
		B0000231 /* scenarios-service.swift */ = {isa = PBXFileReference; lastKnownFileType = sourcecode.swift; path = "scenarios-service.swift"; sourceTree = "<group>"; };
		B0000232 /* scenarios-view-model.swift */ = {isa = PBXFileReference; lastKnownFileType = sourcecode.swift; path = "scenarios-view-model.swift"; sourceTree = "<group>"; };
		B0000233 /* scenarios-view.swift */ = {isa = PBXFileReference; lastKnownFileType = sourcecode.swift; path = "scenarios-view.swift"; sourceTree = "<group>"; };
		B0000240 /* fin-ai-models.swift */ = {isa = PBXFileReference; lastKnownFileType = sourcecode.swift; path = "fin-ai-models.swift"; sourceTree = "<group>"; };
		B0000241 /* fin-ai-service.swift */ = {isa = PBXFileReference; lastKnownFileType = sourcecode.swift; path = "fin-ai-service.swift"; sourceTree = "<group>"; };
		B0000242 /* fin-ai-view-model.swift */ = {isa = PBXFileReference; lastKnownFileType = sourcecode.swift; path = "fin-ai-view-model.swift"; sourceTree = "<group>"; };
		B0000243 /* fin-ai-view.swift */ = {isa = PBXFileReference; lastKnownFileType = sourcecode.swift; path = "fin-ai-view.swift"; sourceTree = "<group>"; };
		B0000250 /* demo-mode-models.swift */ = {isa = PBXFileReference; lastKnownFileType = sourcecode.swift; path = "demo-mode-models.swift"; sourceTree = "<group>"; };
		B0000251 /* demo-mode-service.swift */ = {isa = PBXFileReference; lastKnownFileType = sourcecode.swift; path = "demo-mode-service.swift"; sourceTree = "<group>"; };
		B0000252 /* demo-mode-view-model.swift */ = {isa = PBXFileReference; lastKnownFileType = sourcecode.swift; path = "demo-mode-view-model.swift"; sourceTree = "<group>"; };
		B0000253 /* demo-mode-view.swift */ = {isa = PBXFileReference; lastKnownFileType = sourcecode.swift; path = "demo-mode-view.swift"; sourceTree = "<group>"; };
		B0000254 /* demo-mode-banner.swift */ = {isa = PBXFileReference; lastKnownFileType = sourcecode.swift; path = "demo-mode-banner.swift"; sourceTree = "<group>"; };
		B0000260 /* account-settings-models.swift */ = {isa = PBXFileReference; lastKnownFileType = sourcecode.swift; path = "account-settings-models.swift"; sourceTree = "<group>"; };
		B0000261 /* account-settings-service.swift */ = {isa = PBXFileReference; lastKnownFileType = sourcecode.swift; path = "account-settings-service.swift"; sourceTree = "<group>"; };
		B0000262 /* account-settings-view-model.swift */ = {isa = PBXFileReference; lastKnownFileType = sourcecode.swift; path = "account-settings-view-model.swift"; sourceTree = "<group>"; };
		B0000263 /* account-settings-view.swift */ = {isa = PBXFileReference; lastKnownFileType = sourcecode.swift; path = "account-settings-view.swift"; sourceTree = "<group>"; };
		B0000280 /* household-models.swift */ = {isa = PBXFileReference; lastKnownFileType = sourcecode.swift; path = "household-models.swift"; sourceTree = "<group>"; };
		B0000281 /* household-service.swift */ = {isa = PBXFileReference; lastKnownFileType = sourcecode.swift; path = "household-service.swift"; sourceTree = "<group>"; };
		B0000282 /* household-view-model.swift */ = {isa = PBXFileReference; lastKnownFileType = sourcecode.swift; path = "household-view-model.swift"; sourceTree = "<group>"; };
		B0000283 /* household-sharing-view.swift */ = {isa = PBXFileReference; lastKnownFileType = sourcecode.swift; path = "household-sharing-view.swift"; sourceTree = "<group>"; };
		B0000270 /* onboarding-models.swift */ = {isa = PBXFileReference; lastKnownFileType = sourcecode.swift; path = "onboarding-models.swift"; sourceTree = "<group>"; };
		B0000271 /* onboarding-service.swift */ = {isa = PBXFileReference; lastKnownFileType = sourcecode.swift; path = "onboarding-service.swift"; sourceTree = "<group>"; };
		B0000272 /* onboarding-view-model.swift */ = {isa = PBXFileReference; lastKnownFileType = sourcecode.swift; path = "onboarding-view-model.swift"; sourceTree = "<group>"; };
		B0000273 /* onboarding-view.swift */ = {isa = PBXFileReference; lastKnownFileType = sourcecode.swift; path = "onboarding-view.swift"; sourceTree = "<group>"; };
		B0000274 /* onboarding-gate-view.swift */ = {isa = PBXFileReference; lastKnownFileType = sourcecode.swift; path = "onboarding-gate-view.swift"; sourceTree = "<group>"; };
		B0000080 /* Assets.xcassets */ = {isa = PBXFileReference; lastKnownFileType = folder.assetcatalog; path = Assets.xcassets; sourceTree = "<group>"; };
		B0000090 /* FinApp.entitlements */ = {isa = PBXFileReference; lastKnownFileType = text.plist.entitlements; path = FinApp.entitlements; sourceTree = "<group>"; };
		B0000091 /* Info.plist */ = {isa = PBXFileReference; lastKnownFileType = text.plist.xml; path = Info.plist; sourceTree = "<group>"; };
		BB3831AF2F92ABD000339112 /* GoogleSignInManager.swift */ = {isa = PBXFileReference; lastKnownFileType = sourcecode.swift; path = GoogleSignInManager.swift; sourceTree = "<group>"; };
		C0000001 /* FinApp.app */ = {isa = PBXFileReference; explicitFileType = wrapper.application; includeInIndex = 0; path = FinApp.app; sourceTree = BUILT_PRODUCTS_DIR; };
/* End PBXFileReference section */

/* Begin PBXFrameworksBuildPhase section */
		D0000001 /* Frameworks */ = {
			isa = PBXFrameworksBuildPhase;
			buildActionMask = 2147483647;
			files = (
				A0000900 /* LinkKit in Frameworks */,
			);
			runOnlyForDeploymentPostprocessing = 0;
		};
/* End PBXFrameworksBuildPhase section */

/* Begin PBXGroup section */
		E0000000 = {
			isa = PBXGroup;
			children = (
				E0000001 /* FinApp */,
				E0000099 /* Products */,
			);
			sourceTree = "<group>";
		};
		E0000001 /* FinApp */ = {
			isa = PBXGroup;
			children = (
				E0000002 /* App */,
				E0000003 /* Config */,
				E0000004 /* Core */,
				E0000005 /* Features */,
				E0000006 /* Resources */,
				E0000007 /* SupportingFiles */,
			);
			path = FinApp;
			sourceTree = "<group>";
		};
		E0000002 /* App */ = {
			isa = PBXGroup;
			children = (
				B0000001 /* FinAppApp.swift */,
				B0000002 /* AppRouter.swift */,
				B0000003 /* AppDependencies.swift */,
				B0000004 /* deep-link-router.swift */,
				B0000100 /* app-destination.swift */,
				B0000101 /* app-shell-view.swift */,
				B0000102 /* more-menu-sheet.swift */,
			);
			path = App;
			sourceTree = "<group>";
		};
		E0000003 /* Config */ = {
			isa = PBXGroup;
			children = (
				B0000010 /* Environment.swift */,
				B0000011 /* Debug.xcconfig */,
				B0000012 /* Release.xcconfig */,
			);
			path = Config;
			sourceTree = "<group>";
		};
		E0000004 /* Core */ = {
			isa = PBXGroup;
			children = (
				E0000010 /* Auth */,
				E0000011 /* Networking */,
				E0000018 /* Logging */,
				E0000012 /* DesignSystem */,
				E0000013 /* Utilities */,
			);
			path = Core;
			sourceTree = "<group>";
		};
		E0000005 /* Features */ = {
			isa = PBXGroup;
			children = (
				E0000020 /* Auth */,
				E0000021 /* Dashboard */,
				E0000033 /* Transactions */,
				E0000038 /* Budget */,
				E0000043 /* Investments */,
				E0000048 /* Accounts */,
				E0000053 /* Spending */,
				E0000058 /* Categories */,
				E0000063 /* Rules */,
				E0000068 /* Scenarios */,
				E0000073 /* FinAI */,
				E0000078 /* DemoMode */,
				E0000088 /* Onboarding */,
				E0000083 /* AccountSettings */,
				E0000093 /* Household */,
				E0000028 /* Shared */,
			);
			path = Features;
			sourceTree = "<group>";
		};
		E0000006 /* Resources */ = {
			isa = PBXGroup;
			children = (
				B0000080 /* Assets.xcassets */,
			);
			path = Resources;
			sourceTree = "<group>";
		};
		E0000007 /* SupportingFiles */ = {
			isa = PBXGroup;
			children = (
				B0000090 /* FinApp.entitlements */,
				B0000091 /* Info.plist */,
			);
			path = SupportingFiles;
			sourceTree = "<group>";
		};
		E0000010 /* Auth */ = {
			isa = PBXGroup;
			children = (
				B0000020 /* AuthManager.swift */,
				BB3831AF2F92ABD000339112 /* GoogleSignInManager.swift */,
				B0000021 /* Session.swift */,
				B0000022 /* CredentialsStore.swift */,
			);
			path = Auth;
			sourceTree = "<group>";
		};
		E0000011 /* Networking */ = {
			isa = PBXGroup;
			children = (
				B0000030 /* APIClient.swift */,
				B0000031 /* APIError.swift */,
				B0000150 /* json-value.swift */,
			);
			path = Networking;
			sourceTree = "<group>";
		};
		E0000012 /* DesignSystem */ = {
			isa = PBXGroup;
			children = (
				E0000015 /* Tokens */,
				E0000014 /* Components */,
				E0000016 /* Navigation */,
				E0000017 /* Sheets */,
			);
			path = DesignSystem;
			sourceTree = "<group>";
		};
		E0000013 /* Utilities */ = {
			isa = PBXGroup;
			children = (
				B0000050 /* CurrencyFormatter.swift */,
				B0000051 /* DateFormatterProvider.swift */,
			);
			path = Utilities;
			sourceTree = "<group>";
		};
		E0000018 /* Logging */ = {
			isa = PBXGroup;
			children = (
				B0000032 /* app-logger.swift */,
			);
			path = Logging;
			sourceTree = "<group>";
		};
		E0000014 /* Components */ = {
			isa = PBXGroup;
			children = (
				B0000040 /* FinCard.swift */,
				B0000041 /* LoadingView.swift */,
				B0000042 /* ErrorStateView.swift */,
			);
			path = Components;
			sourceTree = "<group>";
		};
		E0000015 /* Tokens */ = {
			isa = PBXGroup;
			children = (
				B0000110 /* fin-theme.swift */,
			);
			path = Tokens;
			sourceTree = "<group>";
		};
		E0000016 /* Navigation */ = {
			isa = PBXGroup;
			children = (
				B0000120 /* fin-glass-tab-bar.swift */,
			);
			path = Navigation;
			sourceTree = "<group>";
		};
		E0000017 /* Sheets */ = {
			isa = PBXGroup;
			children = (
				B0000130 /* fin-glass-sheet.swift */,
			);
			path = Sheets;
			sourceTree = "<group>";
		};
		E0000020 /* Auth */ = {
			isa = PBXGroup;
			children = (
				E0000022 /* Views */,
				E0000023 /* ViewModels */,
			);
			path = Auth;
			sourceTree = "<group>";
		};
		E0000021 /* Dashboard */ = {
			isa = PBXGroup;
			children = (
				E0000024 /* Views */,
				E0000025 /* Models */,
				E0000026 /* ViewModels */,
				E0000027 /* Services */,
			);
			path = Dashboard;
			sourceTree = "<group>";
		};
		E0000022 /* Views */ = {
			isa = PBXGroup;
			children = (
				B0000060 /* LoginView.swift */,
				B0000061 /* AuthLoadingView.swift */,
			);
			path = Views;
			sourceTree = "<group>";
		};
		E0000023 /* ViewModels */ = {
			isa = PBXGroup;
			children = (
				B0000062 /* AuthViewModel.swift */,
			);
			path = ViewModels;
			sourceTree = "<group>";
		};
		E0000024 /* Views */ = {
			isa = PBXGroup;
			children = (
				B0000070 /* DashboardView.swift */,
				B0000078 /* DashboardCustomizeSheet.swift */,
				B0000071 /* NetWorthChartView.swift */,
				B0000072 /* SummaryCardView.swift */,
			);
			path = Views;
			sourceTree = "<group>";
		};
		E0000025 /* Models */ = {
			isa = PBXGroup;
			children = (
				B0000073 /* NetWorthPoint.swift */,
				B0000074 /* DashboardSummary.swift */,
				B0000077 /* DashboardLayoutModels.swift */,
			);
			path = Models;
			sourceTree = "<group>";
		};
		E0000026 /* ViewModels */ = {
			isa = PBXGroup;
			children = (
				B0000075 /* DashboardViewModel.swift */,
			);
			path = ViewModels;
			sourceTree = "<group>";
		};
		E0000027 /* Services */ = {
			isa = PBXGroup;
			children = (
				B0000076 /* DashboardService.swift */,
			);
			path = Services;
			sourceTree = "<group>";
		};
		E0000028 /* Shared */ = {
			isa = PBXGroup;
			children = (
				E0000030 /* Models */,
				E0000031 /* Services */,
				E0000032 /* ViewModels */,
				E0000029 /* Views */,
			);
			path = Shared;
			sourceTree = "<group>";
		};
		E0000029 /* Views */ = {
			isa = PBXGroup;
			children = (
				B0000140 /* feature-placeholder-view.swift */,
				B0000154 /* remote-feature-view.swift */,
			);
			path = Views;
			sourceTree = "<group>";
		};
		E0000030 /* Models */ = {
			isa = PBXGroup;
			children = (
				B0000151 /* remote-feature-model.swift */,
			);
			path = Models;
			sourceTree = "<group>";
		};
		E0000031 /* Services */ = {
			isa = PBXGroup;
			children = (
				B0000152 /* remote-feature-service.swift */,
			);
			path = Services;
			sourceTree = "<group>";
		};
		E0000032 /* ViewModels */ = {
			isa = PBXGroup;
			children = (
				B0000153 /* remote-feature-view-model.swift */,
			);
			path = ViewModels;
			sourceTree = "<group>";
		};
		E0000033 /* Transactions */ = {
			isa = PBXGroup;
			children = (
				E0000034 /* Models */,
				E0000035 /* Services */,
				E0000036 /* ViewModels */,
				E0000037 /* Views */,
			);
			path = Transactions;
			sourceTree = "<group>";
		};
		E0000034 /* Models */ = {
			isa = PBXGroup;
			children = (
				B0000160 /* transaction-models.swift */,
			);
			path = Models;
			sourceTree = "<group>";
		};
		E0000035 /* Services */ = {
			isa = PBXGroup;
			children = (
				B0000161 /* transactions-service.swift */,
			);
			path = Services;
			sourceTree = "<group>";
		};
		E0000036 /* ViewModels */ = {
			isa = PBXGroup;
			children = (
				B0000162 /* transactions-view-model.swift */,
			);
			path = ViewModels;
			sourceTree = "<group>";
		};
		E0000037 /* Views */ = {
			isa = PBXGroup;
			children = (
				B0000163 /* transactions-view.swift */,
			);
			path = Views;
			sourceTree = "<group>";
		};
		E0000038 /* Budget */ = {
			isa = PBXGroup;
			children = (
				E0000039 /* Models */,
				E0000040 /* Services */,
				E0000041 /* ViewModels */,
				E0000042 /* Views */,
			);
			path = Budget;
			sourceTree = "<group>";
		};
		E0000039 /* Models */ = {
			isa = PBXGroup;
			children = (
				B0000170 /* budget-models.swift */,
			);
			path = Models;
			sourceTree = "<group>";
		};
		E0000040 /* Services */ = {
			isa = PBXGroup;
			children = (
				B0000171 /* budget-service.swift */,
			);
			path = Services;
			sourceTree = "<group>";
		};
		E0000041 /* ViewModels */ = {
			isa = PBXGroup;
			children = (
				B0000172 /* budget-view-model.swift */,
			);
			path = ViewModels;
			sourceTree = "<group>";
		};
		E0000042 /* Views */ = {
			isa = PBXGroup;
			children = (
				B0000173 /* budget-view.swift */,
			);
			path = Views;
			sourceTree = "<group>";
		};
		E0000043 /* Investments */ = {
			isa = PBXGroup;
			children = (
				E0000044 /* Models */,
				E0000045 /* Services */,
				E0000046 /* ViewModels */,
				E0000047 /* Views */,
			);
			path = Investments;
			sourceTree = "<group>";
		};
		E0000044 /* Models */ = {
			isa = PBXGroup;
			children = (
				B0000180 /* investment-models.swift */,
			);
			path = Models;
			sourceTree = "<group>";
		};
		E0000045 /* Services */ = {
			isa = PBXGroup;
			children = (
				B0000181 /* investments-service.swift */,
			);
			path = Services;
			sourceTree = "<group>";
		};
		E0000046 /* ViewModels */ = {
			isa = PBXGroup;
			children = (
				B0000182 /* investments-view-model.swift */,
			);
			path = ViewModels;
			sourceTree = "<group>";
		};
		E0000047 /* Views */ = {
			isa = PBXGroup;
			children = (
				B0000183 /* investments-view.swift */,
			);
			path = Views;
			sourceTree = "<group>";
		};
		E0000048 /* Accounts */ = {
			isa = PBXGroup;
			children = (
				E0000049 /* Models */,
				E0000050 /* Services */,
				E0000051 /* ViewModels */,
				E0000052 /* Views */,
			);
			path = Accounts;
			sourceTree = "<group>";
		};
		E0000049 /* Models */ = {
			isa = PBXGroup;
			children = (
				B0000190 /* accounts-models.swift */,
			);
			path = Models;
			sourceTree = "<group>";
		};
		E0000050 /* Services */ = {
			isa = PBXGroup;
			children = (
				B0000191 /* accounts-service.swift */,
				B0000194 /* plaid-link-coordinator.swift */,
			);
			path = Services;
			sourceTree = "<group>";
		};
		E0000051 /* ViewModels */ = {
			isa = PBXGroup;
			children = (
				B0000192 /* accounts-view-model.swift */,
			);
			path = ViewModels;
			sourceTree = "<group>";
		};
		E0000052 /* Views */ = {
			isa = PBXGroup;
			children = (
				B0000193 /* accounts-view.swift */,
			);
			path = Views;
			sourceTree = "<group>";
		};
		E0000053 /* Spending */ = {
			isa = PBXGroup;
			children = (
				E0000054 /* Models */,
				E0000055 /* Services */,
				E0000056 /* ViewModels */,
				E0000057 /* Views */,
			);
			path = Spending;
			sourceTree = "<group>";
		};
		E0000054 /* Models */ = {
			isa = PBXGroup;
			children = (
				B0000200 /* spending-models.swift */,
			);
			path = Models;
			sourceTree = "<group>";
		};
		E0000055 /* Services */ = {
			isa = PBXGroup;
			children = (
				B0000201 /* spending-service.swift */,
			);
			path = Services;
			sourceTree = "<group>";
		};
		E0000056 /* ViewModels */ = {
			isa = PBXGroup;
			children = (
				B0000202 /* spending-view-model.swift */,
			);
			path = ViewModels;
			sourceTree = "<group>";
		};
		E0000057 /* Views */ = {
			isa = PBXGroup;
			children = (
				B0000203 /* spending-view.swift */,
			);
			path = Views;
			sourceTree = "<group>";
		};
		E0000058 /* Categories */ = {
			isa = PBXGroup;
			children = (
				E0000059 /* Models */,
				E0000060 /* Services */,
				E0000061 /* ViewModels */,
				E0000062 /* Views */,
			);
			path = Categories;
			sourceTree = "<group>";
		};
		E0000059 /* Models */ = {
			isa = PBXGroup;
			children = (
				B0000210 /* category-models.swift */,
			);
			path = Models;
			sourceTree = "<group>";
		};
		E0000060 /* Services */ = {
			isa = PBXGroup;
			children = (
				B0000211 /* categories-service.swift */,
			);
			path = Services;
			sourceTree = "<group>";
		};
		E0000061 /* ViewModels */ = {
			isa = PBXGroup;
			children = (
				B0000212 /* categories-view-model.swift */,
			);
			path = ViewModels;
			sourceTree = "<group>";
		};
		E0000062 /* Views */ = {
			isa = PBXGroup;
			children = (
				B0000213 /* categories-view.swift */,
			);
			path = Views;
			sourceTree = "<group>";
		};
		E0000063 /* Rules */ = {
			isa = PBXGroup;
			children = (
				E0000064 /* Models */,
				E0000065 /* Services */,
				E0000066 /* ViewModels */,
				E0000067 /* Views */,
			);
			path = Rules;
			sourceTree = "<group>";
		};
		E0000064 /* Models */ = {
			isa = PBXGroup;
			children = (
				B0000220 /* rule-models.swift */,
			);
			path = Models;
			sourceTree = "<group>";
		};
		E0000065 /* Services */ = {
			isa = PBXGroup;
			children = (
				B0000221 /* rules-service.swift */,
			);
			path = Services;
			sourceTree = "<group>";
		};
		E0000066 /* ViewModels */ = {
			isa = PBXGroup;
			children = (
				B0000222 /* rules-view-model.swift */,
			);
			path = ViewModels;
			sourceTree = "<group>";
		};
		E0000067 /* Views */ = {
			isa = PBXGroup;
			children = (
				B0000223 /* rules-view.swift */,
			);
			path = Views;
			sourceTree = "<group>";
		};
		E0000068 /* Scenarios */ = {
			isa = PBXGroup;
			children = (
				E0000069 /* Models */,
				E0000070 /* Services */,
				E0000071 /* ViewModels */,
				E0000072 /* Views */,
			);
			path = Scenarios;
			sourceTree = "<group>";
		};
		E0000069 /* Models */ = {
			isa = PBXGroup;
			children = (
				B0000230 /* scenario-models.swift */,
			);
			path = Models;
			sourceTree = "<group>";
		};
		E0000070 /* Services */ = {
			isa = PBXGroup;
			children = (
				B0000231 /* scenarios-service.swift */,
			);
			path = Services;
			sourceTree = "<group>";
		};
		E0000071 /* ViewModels */ = {
			isa = PBXGroup;
			children = (
				B0000232 /* scenarios-view-model.swift */,
			);
			path = ViewModels;
			sourceTree = "<group>";
		};
		E0000072 /* Views */ = {
			isa = PBXGroup;
			children = (
				B0000233 /* scenarios-view.swift */,
			);
			path = Views;
			sourceTree = "<group>";
		};
		E0000073 /* FinAI */ = {
			isa = PBXGroup;
			children = (
				E0000074 /* Models */,
				E0000075 /* Services */,
				E0000076 /* ViewModels */,
				E0000077 /* Views */,
			);
			path = FinAI;
			sourceTree = "<group>";
		};
		E0000074 /* Models */ = {
			isa = PBXGroup;
			children = (
				B0000240 /* fin-ai-models.swift */,
			);
			path = Models;
			sourceTree = "<group>";
		};
		E0000075 /* Services */ = {
			isa = PBXGroup;
			children = (
				B0000241 /* fin-ai-service.swift */,
			);
			path = Services;
			sourceTree = "<group>";
		};
		E0000076 /* ViewModels */ = {
			isa = PBXGroup;
			children = (
				B0000242 /* fin-ai-view-model.swift */,
			);
			path = ViewModels;
			sourceTree = "<group>";
		};
		E0000077 /* Views */ = {
			isa = PBXGroup;
			children = (
				B0000243 /* fin-ai-view.swift */,
			);
			path = Views;
			sourceTree = "<group>";
		};
		E0000078 /* DemoMode */ = {
			isa = PBXGroup;
			children = (
				E0000079 /* Models */,
				E0000080 /* Services */,
				E0000081 /* ViewModels */,
				E0000082 /* Views */,
			);
			path = DemoMode;
			sourceTree = "<group>";
		};
		E0000079 /* Models */ = {
			isa = PBXGroup;
			children = (
				B0000250 /* demo-mode-models.swift */,
			);
			path = Models;
			sourceTree = "<group>";
		};
		E0000080 /* Services */ = {
			isa = PBXGroup;
			children = (
				B0000251 /* demo-mode-service.swift */,
			);
			path = Services;
			sourceTree = "<group>";
		};
		E0000081 /* ViewModels */ = {
			isa = PBXGroup;
			children = (
				B0000252 /* demo-mode-view-model.swift */,
			);
			path = ViewModels;
			sourceTree = "<group>";
		};
		E0000082 /* Views */ = {
			isa = PBXGroup;
			children = (
				B0000253 /* demo-mode-view.swift */,
				B0000254 /* demo-mode-banner.swift */,
			);
			path = Views;
			sourceTree = "<group>";
		};
		E0000083 /* AccountSettings */ = {
			isa = PBXGroup;
			children = (
				E0000084 /* Models */,
				E0000085 /* Services */,
				E0000086 /* ViewModels */,
				E0000087 /* Views */,
			);
			path = AccountSettings;
			sourceTree = "<group>";
		};
		E0000084 /* Models */ = {
			isa = PBXGroup;
			children = (
				B0000260 /* account-settings-models.swift */,
			);
			path = Models;
			sourceTree = "<group>";
		};
		E0000085 /* Services */ = {
			isa = PBXGroup;
			children = (
				B0000261 /* account-settings-service.swift */,
			);
			path = Services;
			sourceTree = "<group>";
		};
		E0000086 /* ViewModels */ = {
			isa = PBXGroup;
			children = (
				B0000262 /* account-settings-view-model.swift */,
			);
			path = ViewModels;
			sourceTree = "<group>";
		};
		E0000087 /* Views */ = {
			isa = PBXGroup;
			children = (
				B0000263 /* account-settings-view.swift */,
			);
			path = Views;
			sourceTree = "<group>";
		};
		E0000088 /* Onboarding */ = {
			isa = PBXGroup;
			children = (
				E0000089 /* Models */,
				E0000090 /* Services */,
				E0000091 /* ViewModels */,
				E0000092 /* Views */,
			);
			path = Onboarding;
			sourceTree = "<group>";
		};
		E0000089 /* Models */ = {
			isa = PBXGroup;
			children = (
				B0000270 /* onboarding-models.swift */,
			);
			path = Models;
			sourceTree = "<group>";
		};
		E0000090 /* Services */ = {
			isa = PBXGroup;
			children = (
				B0000271 /* onboarding-service.swift */,
			);
			path = Services;
			sourceTree = "<group>";
		};
		E0000091 /* ViewModels */ = {
			isa = PBXGroup;
			children = (
				B0000272 /* onboarding-view-model.swift */,
			);
			path = ViewModels;
			sourceTree = "<group>";
		};
		E0000092 /* Views */ = {
			isa = PBXGroup;
			children = (
				B0000273 /* onboarding-view.swift */,
				B0000274 /* onboarding-gate-view.swift */,
			);
			path = Views;
			sourceTree = "<group>";
		};
		E0000093 /* Household */ = {
			isa = PBXGroup;
			children = (
				E0000094 /* Models */,
				E0000095 /* Services */,
				E0000096 /* ViewModels */,
				E0000097 /* Views */,
			);
			path = Household;
			sourceTree = "<group>";
		};
		E0000094 /* Models */ = {
			isa = PBXGroup;
			children = (
				B0000280 /* household-models.swift */,
			);
			path = Models;
			sourceTree = "<group>";
		};
		E0000095 /* Services */ = {
			isa = PBXGroup;
			children = (
				B0000281 /* household-service.swift */,
			);
			path = Services;
			sourceTree = "<group>";
		};
		E0000096 /* ViewModels */ = {
			isa = PBXGroup;
			children = (
				B0000282 /* household-view-model.swift */,
			);
			path = ViewModels;
			sourceTree = "<group>";
		};
		E0000097 /* Views */ = {
			isa = PBXGroup;
			children = (
				B0000283 /* household-sharing-view.swift */,
			);
			path = Views;
			sourceTree = "<group>";
		};
		E0000099 /* Products */ = {
			isa = PBXGroup;
			children = (
				C0000001 /* FinApp.app */,
			);
			name = Products;
			sourceTree = "<group>";
		};
/* End PBXGroup section */

/* Begin PBXNativeTarget section */
		F0000001 /* FinApp */ = {
			isa = PBXNativeTarget;
			buildConfigurationList = F0000010 /* Build configuration list for PBXNativeTarget "FinApp" */;
			buildPhases = (
				F0000002 /* Sources */,
				D0000001 /* Frameworks */,
				F0000003 /* Resources */,
			);
			buildRules = (
			);
			dependencies = (
			);
			name = FinApp;
			packageProductDependencies = (
				X0000901 /* LinkKit */,
			);
			productName = FinApp;
			productReference = C0000001 /* FinApp.app */;
			productType = "com.apple.product-type.application";
		};
/* End PBXNativeTarget section */

/* Begin PBXProject section */
		F0000000 /* Project object */ = {
			isa = PBXProject;
			attributes = {
				BuildIndependentTargetsInParallel = 1;
				LastSwiftUpdateCheck = 1500;
				LastUpgradeCheck = 1500;
				TargetAttributes = {
					F0000001 = {
						CreatedOnToolsVersion = 15.0;
					};
				};
			};
			buildConfigurationList = F0000020 /* Build configuration list for PBXProject "FinApp" */;
			compatibilityVersion = "Xcode 14.0";
			developmentRegion = en;
			hasScannedForEncodings = 0;
			knownRegions = (
				en,
				Base,
			);
			mainGroup = E0000000;
			packageReferences = (
				X0000900 /* XCRemoteSwiftPackageReference "plaid-link-ios-spm" */,
			);
			productRefGroup = E0000099 /* Products */;
			projectDirPath = "";
			projectRoot = "";
			targets = (
				F0000001 /* FinApp */,
			);
		};
/* End PBXProject section */

/* Begin PBXResourcesBuildPhase section */
		F0000003 /* Resources */ = {
			isa = PBXResourcesBuildPhase;
			buildActionMask = 2147483647;
			files = (
				A0000080 /* Assets.xcassets in Resources */,
			);
			runOnlyForDeploymentPostprocessing = 0;
		};
/* End PBXResourcesBuildPhase section */

/* Begin PBXSourcesBuildPhase section */
		F0000002 /* Sources */ = {
			isa = PBXSourcesBuildPhase;
			buildActionMask = 2147483647;
			files = (
				A0000001 /* FinAppApp.swift in Sources */,
				A0000002 /* AppRouter.swift in Sources */,
				A0000003 /* AppDependencies.swift in Sources */,
				A0000004 /* deep-link-router.swift in Sources */,
				A0000100 /* app-destination.swift in Sources */,
				A0000101 /* app-shell-view.swift in Sources */,
				A0000102 /* more-menu-sheet.swift in Sources */,
				A0000010 /* Environment.swift in Sources */,
				A0000020 /* AuthManager.swift in Sources */,
				A0000021 /* Session.swift in Sources */,
				A0000022 /* CredentialsStore.swift in Sources */,
				A0000030 /* APIClient.swift in Sources */,
				A0000031 /* APIError.swift in Sources */,
				A0000032 /* app-logger.swift in Sources */,
				A0000150 /* json-value.swift in Sources */,
				A0000110 /* fin-theme.swift in Sources */,
				A0000040 /* FinCard.swift in Sources */,
				A0000041 /* LoadingView.swift in Sources */,
				A0000042 /* ErrorStateView.swift in Sources */,
				A0000120 /* fin-glass-tab-bar.swift in Sources */,
				A0000130 /* fin-glass-sheet.swift in Sources */,
				A0000050 /* CurrencyFormatter.swift in Sources */,
				A0000051 /* DateFormatterProvider.swift in Sources */,
				A0000060 /* LoginView.swift in Sources */,
				A0000061 /* AuthLoadingView.swift in Sources */,
				A0000062 /* AuthViewModel.swift in Sources */,
				A0000070 /* DashboardView.swift in Sources */,
				A0000071 /* NetWorthChartView.swift in Sources */,
				A0000072 /* SummaryCardView.swift in Sources */,
				A0000073 /* NetWorthPoint.swift in Sources */,
				BB3831B02F92ABD000339112 /* GoogleSignInManager.swift in Sources */,
				A0000074 /* DashboardSummary.swift in Sources */,
				A0000077 /* DashboardLayoutModels.swift in Sources */,
				A0000075 /* DashboardViewModel.swift in Sources */,
				A0000076 /* DashboardService.swift in Sources */,
				A0000078 /* DashboardCustomizeSheet.swift in Sources */,
				A0000140 /* feature-placeholder-view.swift in Sources */,
				A0000151 /* remote-feature-model.swift in Sources */,
				A0000152 /* remote-feature-service.swift in Sources */,
				A0000153 /* remote-feature-view-model.swift in Sources */,
				A0000154 /* remote-feature-view.swift in Sources */,
				A0000160 /* transaction-models.swift in Sources */,
				A0000161 /* transactions-service.swift in Sources */,
				A0000162 /* transactions-view-model.swift in Sources */,
				A0000163 /* transactions-view.swift in Sources */,
				A0000170 /* budget-models.swift in Sources */,
				A0000171 /* budget-service.swift in Sources */,
				A0000172 /* budget-view-model.swift in Sources */,
				A0000173 /* budget-view.swift in Sources */,
				A0000180 /* investment-models.swift in Sources */,
				A0000181 /* investments-service.swift in Sources */,
				A0000182 /* investments-view-model.swift in Sources */,
				A0000183 /* investments-view.swift in Sources */,
				A0000190 /* accounts-models.swift in Sources */,
				A0000191 /* accounts-service.swift in Sources */,
				A0000194 /* plaid-link-coordinator.swift in Sources */,
				A0000192 /* accounts-view-model.swift in Sources */,
				A0000193 /* accounts-view.swift in Sources */,
				A0000200 /* spending-models.swift in Sources */,
				A0000201 /* spending-service.swift in Sources */,
				A0000202 /* spending-view-model.swift in Sources */,
				A0000203 /* spending-view.swift in Sources */,
				A0000210 /* category-models.swift in Sources */,
				A0000211 /* categories-service.swift in Sources */,
				A0000212 /* categories-view-model.swift in Sources */,
				A0000213 /* categories-view.swift in Sources */,
				A0000220 /* rule-models.swift in Sources */,
				A0000221 /* rules-service.swift in Sources */,
				A0000222 /* rules-view-model.swift in Sources */,
				A0000223 /* rules-view.swift in Sources */,
				A0000230 /* scenario-models.swift in Sources */,
				A0000231 /* scenarios-service.swift in Sources */,
				A0000232 /* scenarios-view-model.swift in Sources */,
				A0000233 /* scenarios-view.swift in Sources */,
				A0000240 /* fin-ai-models.swift in Sources */,
				A0000241 /* fin-ai-service.swift in Sources */,
				A0000242 /* fin-ai-view-model.swift in Sources */,
				A0000243 /* fin-ai-view.swift in Sources */,
				A0000250 /* demo-mode-models.swift in Sources */,
				A0000251 /* demo-mode-service.swift in Sources */,
				A0000252 /* demo-mode-view-model.swift in Sources */,
				A0000253 /* demo-mode-view.swift in Sources */,
				A0000254 /* demo-mode-banner.swift in Sources */,
				A0000260 /* account-settings-models.swift in Sources */,
				A0000261 /* account-settings-service.swift in Sources */,
				A0000262 /* account-settings-view-model.swift in Sources */,
				A0000263 /* account-settings-view.swift in Sources */,
				A0000280 /* household-models.swift in Sources */,
				A0000281 /* household-service.swift in Sources */,
				A0000282 /* household-view-model.swift in Sources */,
				A0000283 /* household-sharing-view.swift in Sources */,
				A0000270 /* onboarding-models.swift in Sources */,
				A0000271 /* onboarding-service.swift in Sources */,
				A0000272 /* onboarding-view-model.swift in Sources */,
				A0000273 /* onboarding-view.swift in Sources */,
				A0000274 /* onboarding-gate-view.swift in Sources */,
			);
			runOnlyForDeploymentPostprocessing = 0;
		};
/* End PBXSourcesBuildPhase section */

/* Begin XCRemoteSwiftPackageReference section */
		X0000900 /* XCRemoteSwiftPackageReference "plaid-link-ios-spm" */ = {
			isa = XCRemoteSwiftPackageReference;
			repositoryURL = "https://github.com/plaid/plaid-link-ios-spm.git";
			requirement = {
				kind = upToNextMajorVersion;
				minimumVersion = 6.0.0;
			};
		};
/* End XCRemoteSwiftPackageReference section */

/* Begin XCSwiftPackageProductDependency section */
		X0000901 /* LinkKit */ = {
			isa = XCSwiftPackageProductDependency;
			package = X0000900 /* XCRemoteSwiftPackageReference "plaid-link-ios-spm" */;
			productName = LinkKit;
		};
/* End XCSwiftPackageProductDependency section */

/* Begin XCBuildConfiguration section */
		G0000001 /* Debug */ = {
			isa = XCBuildConfiguration;
			baseConfigurationReference = B0000011 /* Debug.xcconfig */;
			buildSettings = {
				ALWAYS_SEARCH_USER_PATHS = NO;
				ASSETCATALOG_COMPILER_GENERATE_SWIFT_ASSET_SYMBOL_EXTENSIONS = YES;
				CLANG_ANALYZER_NONNULL = YES;
				CLANG_ANALYZER_NUMBER_OBJECT_CONVERSION = YES_AGGRESSIVE;
				CLANG_CXX_LANGUAGE_STANDARD = "gnu++20";
				CLANG_ENABLE_MODULES = YES;
				CLANG_ENABLE_OBJC_ARC = YES;
				CLANG_ENABLE_OBJC_WEAK = YES;
				CLANG_WARN_BLOCK_CAPTURE_AUTORELEASING = YES;
				CLANG_WARN_BOOL_CONVERSION = YES;
				CLANG_WARN_COMMA = YES;
				CLANG_WARN_CONSTANT_CONVERSION = YES;
				CLANG_WARN_DEPRECATED_OBJC_IMPLEMENTATIONS = YES;
				CLANG_WARN_DIRECT_OBJC_ISA_USAGE = YES_ERROR;
				CLANG_WARN_DOCUMENTATION_COMMENTS = YES;
				CLANG_WARN_EMPTY_BODY = YES;
				CLANG_WARN_ENUM_CONVERSION = YES;
				CLANG_WARN_INFINITE_RECURSION = YES;
				CLANG_WARN_INT_CONVERSION = YES;
				CLANG_WARN_NON_LITERAL_NULL_CONVERSION = YES;
				CLANG_WARN_OBJC_IMPLICIT_RETAIN_SELF = YES;
				CLANG_WARN_OBJC_LITERAL_CONVERSION = YES;
				CLANG_WARN_OBJC_ROOT_CLASS = YES_ERROR;
				CLANG_WARN_QUOTED_INCLUDE_IN_FRAMEWORK_HEADER = YES;
				CLANG_WARN_RANGE_LOOP_ANALYSIS = YES;
				CLANG_WARN_STRICT_PROTOTYPES = YES;
				CLANG_WARN_SUSPICIOUS_MOVE = YES;
				CLANG_WARN_UNGUARDED_AVAILABILITY = YES_AGGRESSIVE;
				CLANG_WARN_UNREACHABLE_CODE = YES;
				CLANG_WARN__DUPLICATE_METHOD_MATCH = YES;
				COPY_PHASE_STRIP = NO;
				DEBUG_INFORMATION_FORMAT = dwarf;
				ENABLE_STRICT_OBJC_MSGSEND = YES;
				ENABLE_TESTABILITY = YES;
				ENABLE_USER_SCRIPT_SANDBOXING = YES;
				GCC_C_LANGUAGE_STANDARD = gnu17;
				GCC_DYNAMIC_NO_PIC = NO;
				GCC_NO_COMMON_BLOCKS = YES;
				GCC_OPTIMIZATION_LEVEL = 0;
				GCC_PREPROCESSOR_DEFINITIONS = (
					"DEBUG=1",
					"$(inherited)",
				);
				GCC_WARN_64_TO_32_BIT_CONVERSION = YES;
				GCC_WARN_ABOUT_RETURN_TYPE = YES_ERROR;
				GCC_WARN_UNDECLARED_SELECTOR = YES;
				GCC_WARN_UNINITIALIZED_AUTOS = YES_AGGRESSIVE;
				GCC_WARN_UNUSED_FUNCTION = YES;
				GCC_WARN_UNUSED_VARIABLE = YES;
				IPHONEOS_DEPLOYMENT_TARGET = 16.0;
				LOCALIZATION_PREFERS_STRING_CATALOGS = YES;
				MTL_ENABLE_DEBUG_INFO = INCLUDE_SOURCE;
				MTL_FAST_MATH = YES;
				ONLY_ACTIVE_ARCH = YES;
				SDKROOT = iphoneos;
				SWIFT_ACTIVE_COMPILATION_CONDITIONS = "DEBUG $(inherited)";
				SWIFT_OPTIMIZATION_LEVEL = "-Onone";
			};
			name = Debug;
		};
		G0000002 /* Release */ = {
			isa = XCBuildConfiguration;
			baseConfigurationReference = B0000012 /* Release.xcconfig */;
			buildSettings = {
				ALWAYS_SEARCH_USER_PATHS = NO;
				ASSETCATALOG_COMPILER_GENERATE_SWIFT_ASSET_SYMBOL_EXTENSIONS = YES;
				CLANG_ANALYZER_NONNULL = YES;
				CLANG_ANALYZER_NUMBER_OBJECT_CONVERSION = YES_AGGRESSIVE;
				CLANG_CXX_LANGUAGE_STANDARD = "gnu++20";
				CLANG_ENABLE_MODULES = YES;
				CLANG_ENABLE_OBJC_ARC = YES;
				CLANG_ENABLE_OBJC_WEAK = YES;
				CLANG_WARN_BLOCK_CAPTURE_AUTORELEASING = YES;
				CLANG_WARN_BOOL_CONVERSION = YES;
				CLANG_WARN_COMMA = YES;
				CLANG_WARN_CONSTANT_CONVERSION = YES;
				CLANG_WARN_DEPRECATED_OBJC_IMPLEMENTATIONS = YES;
				CLANG_WARN_DIRECT_OBJC_ISA_USAGE = YES_ERROR;
				CLANG_WARN_DOCUMENTATION_COMMENTS = YES;
				CLANG_WARN_EMPTY_BODY = YES;
				CLANG_WARN_ENUM_CONVERSION = YES;
				CLANG_WARN_INFINITE_RECURSION = YES;
				CLANG_WARN_INT_CONVERSION = YES;
				CLANG_WARN_NON_LITERAL_NULL_CONVERSION = YES;
				CLANG_WARN_OBJC_IMPLICIT_RETAIN_SELF = YES;
				CLANG_WARN_OBJC_LITERAL_CONVERSION = YES;
				CLANG_WARN_OBJC_ROOT_CLASS = YES_ERROR;
				CLANG_WARN_QUOTED_INCLUDE_IN_FRAMEWORK_HEADER = YES;
				CLANG_WARN_RANGE_LOOP_ANALYSIS = YES;
				CLANG_WARN_STRICT_PROTOTYPES = YES;
				CLANG_WARN_SUSPICIOUS_MOVE = YES;
				CLANG_WARN_UNGUARDED_AVAILABILITY = YES_AGGRESSIVE;
				CLANG_WARN_UNREACHABLE_CODE = YES;
				CLANG_WARN__DUPLICATE_METHOD_MATCH = YES;
				COPY_PHASE_STRIP = NO;
				DEBUG_INFORMATION_FORMAT = "dwarf-with-dsym";
				ENABLE_NS_ASSERTIONS = NO;
				ENABLE_STRICT_OBJC_MSGSEND = YES;
				ENABLE_USER_SCRIPT_SANDBOXING = YES;
				GCC_C_LANGUAGE_STANDARD = gnu17;
				GCC_NO_COMMON_BLOCKS = YES;
				GCC_WARN_64_TO_32_BIT_CONVERSION = YES;
				GCC_WARN_ABOUT_RETURN_TYPE = YES_ERROR;
				GCC_WARN_UNDECLARED_SELECTOR = YES;
				GCC_WARN_UNINITIALIZED_AUTOS = YES_AGGRESSIVE;
				GCC_WARN_UNUSED_FUNCTION = YES;
				GCC_WARN_UNUSED_VARIABLE = YES;
				IPHONEOS_DEPLOYMENT_TARGET = 16.0;
				LOCALIZATION_PREFERS_STRING_CATALOGS = YES;
				MTL_ENABLE_DEBUG_INFO = NO;
				MTL_FAST_MATH = YES;
				SDKROOT = iphoneos;
				SWIFT_COMPILATION_MODE = wholemodule;
				VALIDATE_PRODUCT = YES;
			};
			name = Release;
		};
		G0000003 /* Debug */ = {
			isa = XCBuildConfiguration;
			buildSettings = {
				ASSETCATALOG_COMPILER_APPICON_NAME = AppIcon;
				ASSETCATALOG_COMPILER_GLOBAL_ACCENT_COLOR_NAME = AccentColor;
				CODE_SIGN_ENTITLEMENTS = FinApp/SupportingFiles/FinApp.entitlements;
				CODE_SIGN_STYLE = Automatic;
				CURRENT_PROJECT_VERSION = 1;
				DEVELOPMENT_TEAM = 8VDD3425PX;
				ENABLE_PREVIEWS = YES;
				INFOPLIST_FILE = FinApp/SupportingFiles/Info.plist;
				LD_RUNPATH_SEARCH_PATHS = (
					"$(inherited)",
					"@executable_path/Frameworks",
				);
				MARKETING_VERSION = 1.0;
				PRODUCT_NAME = "$(TARGET_NAME)";
				SWIFT_EMIT_LOC_STRINGS = YES;
				SWIFT_VERSION = 5.0;
				TARGETED_DEVICE_FAMILY = "1,2";
			};
			name = Debug;
		};
		G0000004 /* Release */ = {
			isa = XCBuildConfiguration;
			buildSettings = {
				ASSETCATALOG_COMPILER_APPICON_NAME = AppIcon;
				ASSETCATALOG_COMPILER_GLOBAL_ACCENT_COLOR_NAME = AccentColor;
				CODE_SIGN_ENTITLEMENTS = FinApp/SupportingFiles/FinApp.entitlements;
				CODE_SIGN_STYLE = Automatic;
				CURRENT_PROJECT_VERSION = 1;
				DEVELOPMENT_TEAM = "";
				ENABLE_PREVIEWS = YES;
				INFOPLIST_FILE = FinApp/SupportingFiles/Info.plist;
				LD_RUNPATH_SEARCH_PATHS = (
					"$(inherited)",
					"@executable_path/Frameworks",
				);
				MARKETING_VERSION = 1.0;
				PRODUCT_BUNDLE_IDENTIFIER = "$(PRODUCT_BUNDLE_IDENTIFIER)";
				PRODUCT_NAME = "$(TARGET_NAME)";
				SWIFT_EMIT_LOC_STRINGS = YES;
				SWIFT_VERSION = 5.0;
				TARGETED_DEVICE_FAMILY = "1,2";
			};
			name = Release;
		};
/* End XCBuildConfiguration section */

/* Begin XCConfigurationList section */
		F0000010 /* Build configuration list for PBXNativeTarget "FinApp" */ = {
			isa = XCConfigurationList;
			buildConfigurations = (
				G0000003 /* Debug */,
				G0000004 /* Release */,
			);
			defaultConfigurationIsVisible = 0;
			defaultConfigurationName = Release;
		};
		F0000020 /* Build configuration list for PBXProject "FinApp" */ = {
			isa = XCConfigurationList;
			buildConfigurations = (
				G0000001 /* Debug */,
				G0000002 /* Release */,
			);
			defaultConfigurationIsVisible = 0;
			defaultConfigurationName = Release;
		};
/* End XCConfigurationList section */
	};
	rootObject = F0000000 /* Project object */;
}
